
Microsoft Visual Studio Solution File, Format Version 12.00
# Visual Studio Version 16
VisualStudioVersion = 16.0.29403.142
MinimumVisualStudioVersion = 10.0.40219.1
Project("{8BC9CEB8-8B4A-11D0-8D11-00A0C91BC942}") = "math", "math.vcxproj", "{8F205C7C-2118-4E77-8BD5-CE0D24680FAC}"
EndProject
Global
	GlobalSection(SolutionConfigurationPlatforms) = preSolution
		Debug|x64 = Debug|x64
		Debug|x86 = Debug|x86
		Release|x64 = Release|x64
		Release|x86 = Release|x86
	EndGlobalSection
	GlobalSection(ProjectConfigurationPlatforms) = postSolution
		{8F205C7C-2118-4E77-8BD5-CE0D24680FAC}.Debug|x64.ActiveCfg = Debug|x64
		{8F205C7C-2118-4E77-8BD5-CE0D24680FAC}.Debug|x64.Build.0 = Debug|x64
		{8F205C7C-2118-4E77-8BD5-CE0D24680FAC}.Debug|x86.ActiveCfg = Debug|Win32
		{8F205C7C-2118-4E77-8BD5-CE0D24680FAC}.Debug|x86.Build.0 = Debug|Win32
		{8F205C7C-2118-4E77-8BD5-CE0D24680FAC}.Release|x64.ActiveCfg = Release|x64
		{8F205C7C-2118-4E77-8BD5-CE0D24680FAC}.Release|x64.Build.0 = Release|x64
		{8F205C7C-2118-4E77-8BD5-CE0D24680FAC}.Release|x86.ActiveCfg = Release|Win32
		{8F205C7C-2118-4E77-8BD5-CE0D24680FAC}.Release|x86.Build.0 = Release|Win32
	EndGlobalSection
	GlobalSection(SolutionProperties) = preSolution
		HideSolutionNode = FALSE
	EndGlobalSection
	GlobalSection(ExtensibilityGlobals) = postSolution
		SolutionGuid = {E59716AC-4447-4AE2-B401-3EBDB9EB419E}
	EndGlobalSection
EndGlobal
